
Microsoft Visual Studio Solution File, Format Version 12.00
# Visual Studio 2012
Project("{FAE04EC0-301F-11D3-BF4B-00C04F79EFBC}") = "Acorn", "Acorn\Acorn.csproj", "{641AA43A-1C67-4613-9251-3EFE4EE5EC3F}"
	ProjectSection(ProjectDependencies) = postProject
		{EBF89F18-2B09-402C-AB0E-19623DFE7107} = {EBF89F18-2B09-402C-AB0E-19623DFE7107}
	EndProjectSection
EndProject
Project("{FAE04EC0-301F-11D3-BF4B-00C04F79EFBC}") = "AcornContent", "AcornContent\AcornContent.contentproj", "{0BCCD8B6-2C21-497B-924F-1DEDDDE3C729}"
EndProject
Project("{FAE04EC0-301F-11D3-BF4B-00C04F79EFBC}") = "Dummy", "Dummy\Dummy.csproj", "{EBF89F18-2B09-402C-AB0E-19623DFE7107}"
EndProject
Project("{FAE04EC0-301F-11D3-BF4B-00C04F79EFBC}") = "Hiromi.WindowsStore", "..\HiromiSubmodule\Hiromi.WindowsStore\Hiromi.WindowsStore.csproj", "{4DCB809E-533C-4268-9090-7E1030E2752E}"
EndProject
Project("{FAE04EC0-301F-11D3-BF4B-00C04F79EFBC}") = "Acorn.WindowsPhone", "Acorn.WindowsPhone\Acorn.WindowsPhone\Acorn.WindowsPhone\Acorn.WindowsPhone.csproj", "{7FC85B3E-66BC-4CD1-817B-E47B643095E5}"
EndProject
Project("{FAE04EC0-301F-11D3-BF4B-00C04F79EFBC}") = "Acorn.WindowsPhoneContent", "Acorn.WindowsPhone\Acorn.WindowsPhone\Acorn.WindowsPhoneContent\Acorn.WindowsPhoneContent.contentproj", "{2056EB2A-D469-4E4C-B611-8008B550CE0A}"
EndProject
Project("{FAE04EC0-301F-11D3-BF4B-00C04F79EFBC}") = "Hiromi.WindowsPhone", "..\HiromiSubmodule\Hiromi.WindowsPhone\Hiromi.WindowsPhone.csproj", "{AB1F9597-0480-4375-8D4A-963E2300ACAE}"
EndProject
Global
	GlobalSection(SolutionConfigurationPlatforms) = preSolution
		Debug|Any CPU = Debug|Any CPU
		Debug|ARM = Debug|ARM
		Debug|Mixed Platforms = Debug|Mixed Platforms
		Debug|Windows Phone = Debug|Windows Phone
		Debug|x64 = Debug|x64
		Debug|x86 = Debug|x86
		Release|Any CPU = Release|Any CPU
		Release|ARM = Release|ARM
		Release|Mixed Platforms = Release|Mixed Platforms
		Release|Windows Phone = Release|Windows Phone
		Release|x64 = Release|x64
		Release|x86 = Release|x86
	EndGlobalSection
	GlobalSection(ProjectConfigurationPlatforms) = postSolution
		{641AA43A-1C67-4613-9251-3EFE4EE5EC3F}.Debug|Any CPU.ActiveCfg = Debug|Any CPU
		{641AA43A-1C67-4613-9251-3EFE4EE5EC3F}.Debug|Any CPU.Build.0 = Debug|Any CPU
		{641AA43A-1C67-4613-9251-3EFE4EE5EC3F}.Debug|Any CPU.Deploy.0 = Debug|Any CPU
		{641AA43A-1C67-4613-9251-3EFE4EE5EC3F}.Debug|ARM.ActiveCfg = Debug|ARM
		{641AA43A-1C67-4613-9251-3EFE4EE5EC3F}.Debug|ARM.Build.0 = Debug|ARM
		{641AA43A-1C67-4613-9251-3EFE4EE5EC3F}.Debug|ARM.Deploy.0 = Debug|ARM
		{641AA43A-1C67-4613-9251-3EFE4EE5EC3F}.Debug|Mixed Platforms.ActiveCfg = Debug|x86
		{641AA43A-1C67-4613-9251-3EFE4EE5EC3F}.Debug|Mixed Platforms.Build.0 = Debug|x86
		{641AA43A-1C67-4613-9251-3EFE4EE5EC3F}.Debug|Mixed Platforms.Deploy.0 = Debug|x86
		{641AA43A-1C67-4613-9251-3EFE4EE5EC3F}.Debug|Windows Phone.ActiveCfg = Debug|Any CPU
		{641AA43A-1C67-4613-9251-3EFE4EE5EC3F}.Debug|x64.ActiveCfg = Debug|x64
		{641AA43A-1C67-4613-9251-3EFE4EE5EC3F}.Debug|x64.Build.0 = Debug|x64
		{641AA43A-1C67-4613-9251-3EFE4EE5EC3F}.Debug|x64.Deploy.0 = Debug|x64
		{641AA43A-1C67-4613-9251-3EFE4EE5EC3F}.Debug|x86.ActiveCfg = Debug|x86
		{641AA43A-1C67-4613-9251-3EFE4EE5EC3F}.Debug|x86.Build.0 = Debug|x86
		{641AA43A-1C67-4613-9251-3EFE4EE5EC3F}.Debug|x86.Deploy.0 = Debug|x86
		{641AA43A-1C67-4613-9251-3EFE4EE5EC3F}.Release|Any CPU.ActiveCfg = Release|Any CPU
		{641AA43A-1C67-4613-9251-3EFE4EE5EC3F}.Release|Any CPU.Build.0 = Release|Any CPU
		{641AA43A-1C67-4613-9251-3EFE4EE5EC3F}.Release|Any CPU.Deploy.0 = Release|Any CPU
		{641AA43A-1C67-4613-9251-3EFE4EE5EC3F}.Release|ARM.ActiveCfg = Release|ARM
		{641AA43A-1C67-4613-9251-3EFE4EE5EC3F}.Release|ARM.Build.0 = Release|ARM
		{641AA43A-1C67-4613-9251-3EFE4EE5EC3F}.Release|ARM.Deploy.0 = Release|ARM
		{641AA43A-1C67-4613-9251-3EFE4EE5EC3F}.Release|Mixed Platforms.ActiveCfg = Release|x86
		{641AA43A-1C67-4613-9251-3EFE4EE5EC3F}.Release|Mixed Platforms.Build.0 = Release|x86
		{641AA43A-1C67-4613-9251-3EFE4EE5EC3F}.Release|Mixed Platforms.Deploy.0 = Release|x86
		{641AA43A-1C67-4613-9251-3EFE4EE5EC3F}.Release|Windows Phone.ActiveCfg = Release|Any CPU
		{641AA43A-1C67-4613-9251-3EFE4EE5EC3F}.Release|x64.ActiveCfg = Release|x64
		{641AA43A-1C67-4613-9251-3EFE4EE5EC3F}.Release|x64.Build.0 = Release|x64
		{641AA43A-1C67-4613-9251-3EFE4EE5EC3F}.Release|x64.Deploy.0 = Release|x64
		{641AA43A-1C67-4613-9251-3EFE4EE5EC3F}.Release|x86.ActiveCfg = Release|x86
		{641AA43A-1C67-4613-9251-3EFE4EE5EC3F}.Release|x86.Build.0 = Release|x86
		{641AA43A-1C67-4613-9251-3EFE4EE5EC3F}.Release|x86.Deploy.0 = Release|x86
		{0BCCD8B6-2C21-497B-924F-1DEDDDE3C729}.Debug|Any CPU.ActiveCfg = Debug|Any CPU
		{0BCCD8B6-2C21-497B-924F-1DEDDDE3C729}.Debug|ARM.ActiveCfg = Debug|Any CPU
		{0BCCD8B6-2C21-497B-924F-1DEDDDE3C729}.Debug|Mixed Platforms.ActiveCfg = Debug|Any CPU
		{0BCCD8B6-2C21-497B-924F-1DEDDDE3C729}.Debug|Windows Phone.ActiveCfg = Debug|Any CPU
		{0BCCD8B6-2C21-497B-924F-1DEDDDE3C729}.Debug|x64.ActiveCfg = Debug|Any CPU
		{0BCCD8B6-2C21-497B-924F-1DEDDDE3C729}.Debug|x86.ActiveCfg = Debug|Any CPU
		{0BCCD8B6-2C21-497B-924F-1DEDDDE3C729}.Release|Any CPU.ActiveCfg = Debug|Any CPU
		{0BCCD8B6-2C21-497B-924F-1DEDDDE3C729}.Release|ARM.ActiveCfg = Debug|Any CPU
		{0BCCD8B6-2C21-497B-924F-1DEDDDE3C729}.Release|Mixed Platforms.ActiveCfg = Debug|Any CPU
		{0BCCD8B6-2C21-497B-924F-1DEDDDE3C729}.Release|Windows Phone.ActiveCfg = Debug|Any CPU
		{0BCCD8B6-2C21-497B-924F-1DEDDDE3C729}.Release|x64.ActiveCfg = Debug|Any CPU
		{0BCCD8B6-2C21-497B-924F-1DEDDDE3C729}.Release|x86.ActiveCfg = Debug|Any CPU
		{EBF89F18-2B09-402C-AB0E-19623DFE7107}.Debug|Any CPU.ActiveCfg = Debug|Windows Phone
		{EBF89F18-2B09-402C-AB0E-19623DFE7107}.Debug|ARM.ActiveCfg = Debug|Windows Phone
		{EBF89F18-2B09-402C-AB0E-19623DFE7107}.Debug|Mixed Platforms.ActiveCfg = Debug|Windows Phone
		{EBF89F18-2B09-402C-AB0E-19623DFE7107}.Debug|Mixed Platforms.Build.0 = Debug|Windows Phone
		{EBF89F18-2B09-402C-AB0E-19623DFE7107}.Debug|Windows Phone.ActiveCfg = Debug|Windows Phone
		{EBF89F18-2B09-402C-AB0E-19623DFE7107}.Debug|Windows Phone.Build.0 = Debug|Windows Phone
		{EBF89F18-2B09-402C-AB0E-19623DFE7107}.Debug|x64.ActiveCfg = Debug|Windows Phone
		{EBF89F18-2B09-402C-AB0E-19623DFE7107}.Debug|x86.ActiveCfg = Debug|Windows Phone
		{EBF89F18-2B09-402C-AB0E-19623DFE7107}.Debug|x86.Build.0 = Debug|Windows Phone
		{EBF89F18-2B09-402C-AB0E-19623DFE7107}.Release|Any CPU.ActiveCfg = Release|Windows Phone
		{EBF89F18-2B09-402C-AB0E-19623DFE7107}.Release|ARM.ActiveCfg = Release|Windows Phone
		{EBF89F18-2B09-402C-AB0E-19623DFE7107}.Release|ARM.Build.0 = Release|Windows Phone
		{EBF89F18-2B09-402C-AB0E-19623DFE7107}.Release|Mixed Platforms.ActiveCfg = Release|Windows Phone
		{EBF89F18-2B09-402C-AB0E-19623DFE7107}.Release|Mixed Platforms.Build.0 = Release|Windows Phone
		{EBF89F18-2B09-402C-AB0E-19623DFE7107}.Release|Windows Phone.ActiveCfg = Release|Windows Phone
		{EBF89F18-2B09-402C-AB0E-19623DFE7107}.Release|Windows Phone.Build.0 = Release|Windows Phone
		{EBF89F18-2B09-402C-AB0E-19623DFE7107}.Release|x64.ActiveCfg = Release|Windows Phone
		{EBF89F18-2B09-402C-AB0E-19623DFE7107}.Release|x86.ActiveCfg = Release|Windows Phone
		{EBF89F18-2B09-402C-AB0E-19623DFE7107}.Release|x86.Build.0 = Release|Windows Phone
		{4DCB809E-533C-4268-9090-7E1030E2752E}.Debug|Any CPU.ActiveCfg = Debug|Any CPU
		{4DCB809E-533C-4268-9090-7E1030E2752E}.Debug|Any CPU.Build.0 = Debug|Any CPU
		{4DCB809E-533C-4268-9090-7E1030E2752E}.Debug|ARM.ActiveCfg = Debug|ARM
		{4DCB809E-533C-4268-9090-7E1030E2752E}.Debug|ARM.Build.0 = Debug|ARM
		{4DCB809E-533C-4268-9090-7E1030E2752E}.Debug|Mixed Platforms.ActiveCfg = Debug|x86
		{4DCB809E-533C-4268-9090-7E1030E2752E}.Debug|Mixed Platforms.Build.0 = Debug|x86
		{4DCB809E-533C-4268-9090-7E1030E2752E}.Debug|Windows Phone.ActiveCfg = Debug|Any CPU
		{4DCB809E-533C-4268-9090-7E1030E2752E}.Debug|x64.ActiveCfg = Debug|x64
		{4DCB809E-533C-4268-9090-7E1030E2752E}.Debug|x64.Build.0 = Debug|x64
		{4DCB809E-533C-4268-9090-7E1030E2752E}.Debug|x86.ActiveCfg = Debug|x86
		{4DCB809E-533C-4268-9090-7E1030E2752E}.Debug|x86.Build.0 = Debug|x86
		{4DCB809E-533C-4268-9090-7E1030E2752E}.Release|Any CPU.ActiveCfg = Release|Any CPU
		{4DCB809E-533C-4268-9090-7E1030E2752E}.Release|Any CPU.Build.0 = Release|Any CPU
		{4DCB809E-533C-4268-9090-7E1030E2752E}.Release|ARM.ActiveCfg = Release|ARM
		{4DCB809E-533C-4268-9090-7E1030E2752E}.Release|ARM.Build.0 = Release|ARM
		{4DCB809E-533C-4268-9090-7E1030E2752E}.Release|Mixed Platforms.ActiveCfg = Release|x86
		{4DCB809E-533C-4268-9090-7E1030E2752E}.Release|Mixed Platforms.Build.0 = Release|x86
		{4DCB809E-533C-4268-9090-7E1030E2752E}.Release|Windows Phone.ActiveCfg = Release|Any CPU
		{4DCB809E-533C-4268-9090-7E1030E2752E}.Release|x64.ActiveCfg = Release|x64
		{4DCB809E-533C-4268-9090-7E1030E2752E}.Release|x64.Build.0 = Release|x64
		{4DCB809E-533C-4268-9090-7E1030E2752E}.Release|x86.ActiveCfg = Release|x86
		{4DCB809E-533C-4268-9090-7E1030E2752E}.Release|x86.Build.0 = Release|x86
		{7FC85B3E-66BC-4CD1-817B-E47B643095E5}.Debug|Any CPU.ActiveCfg = Debug|Windows Phone
		{7FC85B3E-66BC-4CD1-817B-E47B643095E5}.Debug|ARM.ActiveCfg = Debug|Windows Phone
		{7FC85B3E-66BC-4CD1-817B-E47B643095E5}.Debug|Mixed Platforms.ActiveCfg = Debug|Windows Phone
		{7FC85B3E-66BC-4CD1-817B-E47B643095E5}.Debug|Mixed Platforms.Build.0 = Debug|Windows Phone
		{7FC85B3E-66BC-4CD1-817B-E47B643095E5}.Debug|Mixed Platforms.Deploy.0 = Debug|Windows Phone
		{7FC85B3E-66BC-4CD1-817B-E47B643095E5}.Debug|Windows Phone.ActiveCfg = Debug|Windows Phone
		{7FC85B3E-66BC-4CD1-817B-E47B643095E5}.Debug|Windows Phone.Build.0 = Debug|Windows Phone
		{7FC85B3E-66BC-4CD1-817B-E47B643095E5}.Debug|Windows Phone.Deploy.0 = Debug|Windows Phone
		{7FC85B3E-66BC-4CD1-817B-E47B643095E5}.Debug|x64.ActiveCfg = Debug|Windows Phone
		{7FC85B3E-66BC-4CD1-817B-E47B643095E5}.Debug|x86.ActiveCfg = Debug|Windows Phone
		{7FC85B3E-66BC-4CD1-817B-E47B643095E5}.Release|Any CPU.ActiveCfg = Release|Windows Phone
		{7FC85B3E-66BC-4CD1-817B-E47B643095E5}.Release|ARM.ActiveCfg = Release|Windows Phone
		{7FC85B3E-66BC-4CD1-817B-E47B643095E5}.Release|Mixed Platforms.ActiveCfg = Release|Windows Phone
		{7FC85B3E-66BC-4CD1-817B-E47B643095E5}.Release|Mixed Platforms.Build.0 = Release|Windows Phone
		{7FC85B3E-66BC-4CD1-817B-E47B643095E5}.Release|Mixed Platforms.Deploy.0 = Release|Windows Phone
		{7FC85B3E-66BC-4CD1-817B-E47B643095E5}.Release|Windows Phone.ActiveCfg = Release|Windows Phone
		{7FC85B3E-66BC-4CD1-817B-E47B643095E5}.Release|Windows Phone.Build.0 = Release|Windows Phone
		{7FC85B3E-66BC-4CD1-817B-E47B643095E5}.Release|Windows Phone.Deploy.0 = Release|Windows Phone
		{7FC85B3E-66BC-4CD1-817B-E47B643095E5}.Release|x64.ActiveCfg = Release|Windows Phone
		{7FC85B3E-66BC-4CD1-817B-E47B643095E5}.Release|x86.ActiveCfg = Release|Windows Phone
		{2056EB2A-D469-4E4C-B611-8008B550CE0A}.Debug|Any CPU.ActiveCfg = Debug|Windows Phone
		{2056EB2A-D469-4E4C-B611-8008B550CE0A}.Debug|ARM.ActiveCfg = Debug|Windows Phone
		{2056EB2A-D469-4E4C-B611-8008B550CE0A}.Debug|Mixed Platforms.ActiveCfg = Debug|Windows Phone
		{2056EB2A-D469-4E4C-B611-8008B550CE0A}.Debug|Windows Phone.ActiveCfg = Debug|Windows Phone
		{2056EB2A-D469-4E4C-B611-8008B550CE0A}.Debug|x64.ActiveCfg = Debug|Windows Phone
		{2056EB2A-D469-4E4C-B611-8008B550CE0A}.Debug|x86.ActiveCfg = Debug|Windows Phone
		{2056EB2A-D469-4E4C-B611-8008B550CE0A}.Release|Any CPU.ActiveCfg = Release|Windows Phone
		{2056EB2A-D469-4E4C-B611-8008B550CE0A}.Release|ARM.ActiveCfg = Release|Windows Phone
		{2056EB2A-D469-4E4C-B611-8008B550CE0A}.Release|Mixed Platforms.ActiveCfg = Release|Windows Phone
		{2056EB2A-D469-4E4C-B611-8008B550CE0A}.Release|Windows Phone.ActiveCfg = Release|Windows Phone
		{2056EB2A-D469-4E4C-B611-8008B550CE0A}.Release|x64.ActiveCfg = Release|Windows Phone
		{2056EB2A-D469-4E4C-B611-8008B550CE0A}.Release|x86.ActiveCfg = Release|Windows Phone
		{AB1F9597-0480-4375-8D4A-963E2300ACAE}.Debug|Any CPU.ActiveCfg = Debug|Windows Phone
		{AB1F9597-0480-4375-8D4A-963E2300ACAE}.Debug|ARM.ActiveCfg = Debug|Windows Phone
		{AB1F9597-0480-4375-8D4A-963E2300ACAE}.Debug|Mixed Platforms.ActiveCfg = Debug|Windows Phone
		{AB1F9597-0480-4375-8D4A-963E2300ACAE}.Debug|Mixed Platforms.Build.0 = Debug|Windows Phone
		{AB1F9597-0480-4375-8D4A-963E2300ACAE}.Debug|Windows Phone.ActiveCfg = Debug|Windows Phone
		{AB1F9597-0480-4375-8D4A-963E2300ACAE}.Debug|Windows Phone.Build.0 = Debug|Windows Phone
		{AB1F9597-0480-4375-8D4A-963E2300ACAE}.Debug|x64.ActiveCfg = Debug|Windows Phone
		{AB1F9597-0480-4375-8D4A-963E2300ACAE}.Debug|x86.ActiveCfg = Debug|Windows Phone
		{AB1F9597-0480-4375-8D4A-963E2300ACAE}.Release|Any CPU.ActiveCfg = Release|Windows Phone
		{AB1F9597-0480-4375-8D4A-963E2300ACAE}.Release|ARM.ActiveCfg = Release|Windows Phone
		{AB1F9597-0480-4375-8D4A-963E2300ACAE}.Release|Mixed Platforms.ActiveCfg = Release|Windows Phone
		{AB1F9597-0480-4375-8D4A-963E2300ACAE}.Release|Mixed Platforms.Build.0 = Release|Windows Phone
		{AB1F9597-0480-4375-8D4A-963E2300ACAE}.Release|Windows Phone.ActiveCfg = Release|Windows Phone
		{AB1F9597-0480-4375-8D4A-963E2300ACAE}.Release|Windows Phone.Build.0 = Release|Windows Phone
		{AB1F9597-0480-4375-8D4A-963E2300ACAE}.Release|x64.ActiveCfg = Release|Windows Phone
		{AB1F9597-0480-4375-8D4A-963E2300ACAE}.Release|x86.ActiveCfg = Release|Windows Phone
	EndGlobalSection
	GlobalSection(SolutionProperties) = preSolution
		HideSolutionNode = FALSE
	EndGlobalSection
EndGlobal
