
Microsoft Visual Studio Solution File, Format Version 12.00
# Visual Studio 2012
Project("{FAE04EC0-301F-11D3-BF4B-00C04F79EFBC}") = "Acorn", "Acorn\Acorn.csproj", "{641AA43A-1C67-4613-9251-3EFE4EE5EC3F}"
	ProjectSection(ProjectDependencies) = postProject
		{EBF89F18-2B09-402C-AB0E-19623DFE7107} = {EBF89F18-2B09-402C-AB0E-19623DFE7107}
	EndProjectSection
EndProject
Project("{FAE04EC0-301F-11D3-BF4B-00C04F79EFBC}") = "AcornContent", "AcornContent\AcornContent.contentproj", "{0BCCD8B6-2C21-497B-924F-1DEDDDE3C729}"
EndProject
Project("{FAE04EC0-301F-11D3-BF4B-00C04F79EFBC}") = "Dummy", "Dummy\Dummy.csproj", "{EBF89F18-2B09-402C-AB0E-19623DFE7107}"
EndProject
Project("{FAE04EC0-301F-11D3-BF4B-00C04F79EFBC}") = "JarrettApp.WindowsStore", "JarrettApp.WindowsStore\JarrettApp.WindowsStore.csproj", "{F456E64C-3CC4-4688-AC2C-75A52D3F4E74}"
EndProject
Project("{FAE04EC0-301F-11D3-BF4B-00C04F79EFBC}") = "Hiromi.WindowsStore", "..\HiromiSubmodule\Hiromi.WindowsStore\Hiromi.WindowsStore.csproj", "{4DCB809E-533C-4268-9090-7E1030E2752E}"
EndProject
Global
	GlobalSection(SolutionConfigurationPlatforms) = preSolution
		Debug|Any CPU = Debug|Any CPU
		Debug|ARM = Debug|ARM
		Debug|Mixed Platforms = Debug|Mixed Platforms
		Debug|Windows Phone = Debug|Windows Phone
		Debug|x64 = Debug|x64
		Debug|x86 = Debug|x86
		Release|Any CPU = Release|Any CPU
		Release|ARM = Release|ARM
		Release|Mixed Platforms = Release|Mixed Platforms
		Release|Windows Phone = Release|Windows Phone
		Release|x64 = Release|x64
		Release|x86 = Release|x86
	EndGlobalSection
	GlobalSection(ProjectConfigurationPlatforms) = postSolution
		{641AA43A-1C67-4613-9251-3EFE4EE5EC3F}.Debug|Any CPU.ActiveCfg = Debug|Any CPU
		{641AA43A-1C67-4613-9251-3EFE4EE5EC3F}.Debug|Any CPU.Build.0 = Debug|Any CPU
		{641AA43A-1C67-4613-9251-3EFE4EE5EC3F}.Debug|Any CPU.Deploy.0 = Debug|Any CPU
		{641AA43A-1C67-4613-9251-3EFE4EE5EC3F}.Debug|ARM.ActiveCfg = Debug|ARM
		{641AA43A-1C67-4613-9251-3EFE4EE5EC3F}.Debug|ARM.Build.0 = Debug|ARM
		{641AA43A-1C67-4613-9251-3EFE4EE5EC3F}.Debug|ARM.Deploy.0 = Debug|ARM
		{641AA43A-1C67-4613-9251-3EFE4EE5EC3F}.Debug|Mixed Platforms.ActiveCfg = Debug|x86
		{641AA43A-1C67-4613-9251-3EFE4EE5EC3F}.Debug|Mixed Platforms.Build.0 = Debug|x86
		{641AA43A-1C67-4613-9251-3EFE4EE5EC3F}.Debug|Mixed Platforms.Deploy.0 = Debug|x86
		{641AA43A-1C67-4613-9251-3EFE4EE5EC3F}.Debug|Windows Phone.ActiveCfg = Debug|Any CPU
		{641AA43A-1C67-4613-9251-3EFE4EE5EC3F}.Debug|x64.ActiveCfg = Debug|x64
		{641AA43A-1C67-4613-9251-3EFE4EE5EC3F}.Debug|x64.Build.0 = Debug|x64
		{641AA43A-1C67-4613-9251-3EFE4EE5EC3F}.Debug|x64.Deploy.0 = Debug|x64
		{641AA43A-1C67-4613-9251-3EFE4EE5EC3F}.Debug|x86.ActiveCfg = Debug|x86
		{641AA43A-1C67-4613-9251-3EFE4EE5EC3F}.Debug|x86.Build.0 = Debug|x86
		{641AA43A-1C67-4613-9251-3EFE4EE5EC3F}.Debug|x86.Deploy.0 = Debug|x86
		{641AA43A-1C67-4613-9251-3EFE4EE5EC3F}.Release|Any CPU.ActiveCfg = Release|Any CPU
		{641AA43A-1C67-4613-9251-3EFE4EE5EC3F}.Release|Any CPU.Build.0 = Release|Any CPU
		{641AA43A-1C67-4613-9251-3EFE4EE5EC3F}.Release|Any CPU.Deploy.0 = Release|Any CPU
		{641AA43A-1C67-4613-9251-3EFE4EE5EC3F}.Release|ARM.ActiveCfg = Release|ARM
		{641AA43A-1C67-4613-9251-3EFE4EE5EC3F}.Release|ARM.Build.0 = Release|ARM
		{641AA43A-1C67-4613-9251-3EFE4EE5EC3F}.Release|ARM.Deploy.0 = Release|ARM
		{641AA43A-1C67-4613-9251-3EFE4EE5EC3F}.Release|Mixed Platforms.ActiveCfg = Release|x86
		{641AA43A-1C67-4613-9251-3EFE4EE5EC3F}.Release|Mixed Platforms.Build.0 = Release|x86
		{641AA43A-1C67-4613-9251-3EFE4EE5EC3F}.Release|Mixed Platforms.Deploy.0 = Release|x86
		{641AA43A-1C67-4613-9251-3EFE4EE5EC3F}.Release|Windows Phone.ActiveCfg = Release|Any CPU
		{641AA43A-1C67-4613-9251-3EFE4EE5EC3F}.Release|x64.ActiveCfg = Release|x64
		{641AA43A-1C67-4613-9251-3EFE4EE5EC3F}.Release|x64.Build.0 = Release|x64
		{641AA43A-1C67-4613-9251-3EFE4EE5EC3F}.Release|x64.Deploy.0 = Release|x64
		{641AA43A-1C67-4613-9251-3EFE4EE5EC3F}.Release|x86.ActiveCfg = Release|x86
		{641AA43A-1C67-4613-9251-3EFE4EE5EC3F}.Release|x86.Build.0 = Release|x86
		{641AA43A-1C67-4613-9251-3EFE4EE5EC3F}.Release|x86.Deploy.0 = Release|x86
		{0BCCD8B6-2C21-497B-924F-1DEDDDE3C729}.Debug|Any CPU.ActiveCfg = Debug|Any CPU
		{0BCCD8B6-2C21-497B-924F-1DEDDDE3C729}.Debug|ARM.ActiveCfg = Debug|Any CPU
		{0BCCD8B6-2C21-497B-924F-1DEDDDE3C729}.Debug|Mixed Platforms.ActiveCfg = Debug|Any CPU
		{0BCCD8B6-2C21-497B-924F-1DEDDDE3C729}.Debug|Windows Phone.ActiveCfg = Debug|Any CPU
		{0BCCD8B6-2C21-497B-924F-1DEDDDE3C729}.Debug|x64.ActiveCfg = Debug|Any CPU
		{0BCCD8B6-2C21-497B-924F-1DEDDDE3C729}.Debug|x86.ActiveCfg = Debug|Any CPU
		{0BCCD8B6-2C21-497B-924F-1DEDDDE3C729}.Release|Any CPU.ActiveCfg = Debug|Any CPU
		{0BCCD8B6-2C21-497B-924F-1DEDDDE3C729}.Release|ARM.ActiveCfg = Debug|Any CPU
		{0BCCD8B6-2C21-497B-924F-1DEDDDE3C729}.Release|Mixed Platforms.ActiveCfg = Debug|Any CPU
		{0BCCD8B6-2C21-497B-924F-1DEDDDE3C729}.Release|Windows Phone.ActiveCfg = Debug|Any CPU
		{0BCCD8B6-2C21-497B-924F-1DEDDDE3C729}.Release|x64.ActiveCfg = Debug|Any CPU
		{0BCCD8B6-2C21-497B-924F-1DEDDDE3C729}.Release|x86.ActiveCfg = Debug|Any CPU
		{EBF89F18-2B09-402C-AB0E-19623DFE7107}.Debug|Any CPU.ActiveCfg = Debug|Windows Phone
		{EBF89F18-2B09-402C-AB0E-19623DFE7107}.Debug|ARM.ActiveCfg = Debug|Windows Phone
		{EBF89F18-2B09-402C-AB0E-19623DFE7107}.Debug|Mixed Platforms.ActiveCfg = Debug|Windows Phone
		{EBF89F18-2B09-402C-AB0E-19623DFE7107}.Debug|Mixed Platforms.Build.0 = Debug|Windows Phone
		{EBF89F18-2B09-402C-AB0E-19623DFE7107}.Debug|Windows Phone.ActiveCfg = Debug|Windows Phone
		{EBF89F18-2B09-402C-AB0E-19623DFE7107}.Debug|Windows Phone.Build.0 = Debug|Windows Phone
		{EBF89F18-2B09-402C-AB0E-19623DFE7107}.Debug|x64.ActiveCfg = Debug|Windows Phone
		{EBF89F18-2B09-402C-AB0E-19623DFE7107}.Debug|x86.ActiveCfg = Debug|Windows Phone
		{EBF89F18-2B09-402C-AB0E-19623DFE7107}.Release|Any CPU.ActiveCfg = Release|Windows Phone
		{EBF89F18-2B09-402C-AB0E-19623DFE7107}.Release|ARM.ActiveCfg = Release|Windows Phone
		{EBF89F18-2B09-402C-AB0E-19623DFE7107}.Release|Mixed Platforms.ActiveCfg = Release|Windows Phone
		{EBF89F18-2B09-402C-AB0E-19623DFE7107}.Release|Mixed Platforms.Build.0 = Release|Windows Phone
		{EBF89F18-2B09-402C-AB0E-19623DFE7107}.Release|Windows Phone.ActiveCfg = Release|Windows Phone
		{EBF89F18-2B09-402C-AB0E-19623DFE7107}.Release|Windows Phone.Build.0 = Release|Windows Phone
		{EBF89F18-2B09-402C-AB0E-19623DFE7107}.Release|x64.ActiveCfg = Release|Windows Phone
		{EBF89F18-2B09-402C-AB0E-19623DFE7107}.Release|x86.ActiveCfg = Release|Windows Phone
		{F456E64C-3CC4-4688-AC2C-75A52D3F4E74}.Debug|Any CPU.ActiveCfg = Debug|Any CPU
		{F456E64C-3CC4-4688-AC2C-75A52D3F4E74}.Debug|Any CPU.Build.0 = Debug|Any CPU
		{F456E64C-3CC4-4688-AC2C-75A52D3F4E74}.Debug|Any CPU.Deploy.0 = Debug|Any CPU
		{F456E64C-3CC4-4688-AC2C-75A52D3F4E74}.Debug|ARM.ActiveCfg = Debug|ARM
		{F456E64C-3CC4-4688-AC2C-75A52D3F4E74}.Debug|ARM.Build.0 = Debug|ARM
		{F456E64C-3CC4-4688-AC2C-75A52D3F4E74}.Debug|ARM.Deploy.0 = Debug|ARM
		{F456E64C-3CC4-4688-AC2C-75A52D3F4E74}.Debug|Mixed Platforms.ActiveCfg = Debug|x86
		{F456E64C-3CC4-4688-AC2C-75A52D3F4E74}.Debug|Mixed Platforms.Build.0 = Debug|x86
		{F456E64C-3CC4-4688-AC2C-75A52D3F4E74}.Debug|Mixed Platforms.Deploy.0 = Debug|x86
		{F456E64C-3CC4-4688-AC2C-75A52D3F4E74}.Debug|Windows Phone.ActiveCfg = Debug|Any CPU
		{F456E64C-3CC4-4688-AC2C-75A52D3F4E74}.Debug|x64.ActiveCfg = Debug|x64
		{F456E64C-3CC4-4688-AC2C-75A52D3F4E74}.Debug|x64.Build.0 = Debug|x64
		{F456E64C-3CC4-4688-AC2C-75A52D3F4E74}.Debug|x64.Deploy.0 = Debug|x64
		{F456E64C-3CC4-4688-AC2C-75A52D3F4E74}.Debug|x86.ActiveCfg = Debug|x86
		{F456E64C-3CC4-4688-AC2C-75A52D3F4E74}.Debug|x86.Build.0 = Debug|x86
		{F456E64C-3CC4-4688-AC2C-75A52D3F4E74}.Debug|x86.Deploy.0 = Debug|x86
		{F456E64C-3CC4-4688-AC2C-75A52D3F4E74}.Release|Any CPU.ActiveCfg = Release|Any CPU
		{F456E64C-3CC4-4688-AC2C-75A52D3F4E74}.Release|Any CPU.Build.0 = Release|Any CPU
		{F456E64C-3CC4-4688-AC2C-75A52D3F4E74}.Release|Any CPU.Deploy.0 = Release|Any CPU
		{F456E64C-3CC4-4688-AC2C-75A52D3F4E74}.Release|ARM.ActiveCfg = Release|ARM
		{F456E64C-3CC4-4688-AC2C-75A52D3F4E74}.Release|ARM.Build.0 = Release|ARM
		{F456E64C-3CC4-4688-AC2C-75A52D3F4E74}.Release|ARM.Deploy.0 = Release|ARM
		{F456E64C-3CC4-4688-AC2C-75A52D3F4E74}.Release|Mixed Platforms.ActiveCfg = Release|x86
		{F456E64C-3CC4-4688-AC2C-75A52D3F4E74}.Release|Mixed Platforms.Build.0 = Release|x86
		{F456E64C-3CC4-4688-AC2C-75A52D3F4E74}.Release|Mixed Platforms.Deploy.0 = Release|x86
		{F456E64C-3CC4-4688-AC2C-75A52D3F4E74}.Release|Windows Phone.ActiveCfg = Release|Any CPU
		{F456E64C-3CC4-4688-AC2C-75A52D3F4E74}.Release|x64.ActiveCfg = Release|x64
		{F456E64C-3CC4-4688-AC2C-75A52D3F4E74}.Release|x64.Build.0 = Release|x64
		{F456E64C-3CC4-4688-AC2C-75A52D3F4E74}.Release|x64.Deploy.0 = Release|x64
		{F456E64C-3CC4-4688-AC2C-75A52D3F4E74}.Release|x86.ActiveCfg = Release|x86
		{F456E64C-3CC4-4688-AC2C-75A52D3F4E74}.Release|x86.Build.0 = Release|x86
		{F456E64C-3CC4-4688-AC2C-75A52D3F4E74}.Release|x86.Deploy.0 = Release|x86
		{4DCB809E-533C-4268-9090-7E1030E2752E}.Debug|Any CPU.ActiveCfg = Debug|Any CPU
		{4DCB809E-533C-4268-9090-7E1030E2752E}.Debug|Any CPU.Build.0 = Debug|Any CPU
		{4DCB809E-533C-4268-9090-7E1030E2752E}.Debug|ARM.ActiveCfg = Debug|ARM
		{4DCB809E-533C-4268-9090-7E1030E2752E}.Debug|ARM.Build.0 = Debug|ARM
		{4DCB809E-533C-4268-9090-7E1030E2752E}.Debug|Mixed Platforms.ActiveCfg = Debug|x86
		{4DCB809E-533C-4268-9090-7E1030E2752E}.Debug|Mixed Platforms.Build.0 = Debug|x86
		{4DCB809E-533C-4268-9090-7E1030E2752E}.Debug|Windows Phone.ActiveCfg = Debug|Any CPU
		{4DCB809E-533C-4268-9090-7E1030E2752E}.Debug|x64.ActiveCfg = Debug|x64
		{4DCB809E-533C-4268-9090-7E1030E2752E}.Debug|x64.Build.0 = Debug|x64
		{4DCB809E-533C-4268-9090-7E1030E2752E}.Debug|x86.ActiveCfg = Debug|x86
		{4DCB809E-533C-4268-9090-7E1030E2752E}.Debug|x86.Build.0 = Debug|x86
		{4DCB809E-533C-4268-9090-7E1030E2752E}.Release|Any CPU.ActiveCfg = Release|Any CPU
		{4DCB809E-533C-4268-9090-7E1030E2752E}.Release|Any CPU.Build.0 = Release|Any CPU
		{4DCB809E-533C-4268-9090-7E1030E2752E}.Release|ARM.ActiveCfg = Release|ARM
		{4DCB809E-533C-4268-9090-7E1030E2752E}.Release|ARM.Build.0 = Release|ARM
		{4DCB809E-533C-4268-9090-7E1030E2752E}.Release|Mixed Platforms.ActiveCfg = Release|x86
		{4DCB809E-533C-4268-9090-7E1030E2752E}.Release|Mixed Platforms.Build.0 = Release|x86
		{4DCB809E-533C-4268-9090-7E1030E2752E}.Release|Windows Phone.ActiveCfg = Release|Any CPU
		{4DCB809E-533C-4268-9090-7E1030E2752E}.Release|x64.ActiveCfg = Release|x64
		{4DCB809E-533C-4268-9090-7E1030E2752E}.Release|x64.Build.0 = Release|x64
		{4DCB809E-533C-4268-9090-7E1030E2752E}.Release|x86.ActiveCfg = Release|x86
		{4DCB809E-533C-4268-9090-7E1030E2752E}.Release|x86.Build.0 = Release|x86
	EndGlobalSection
	GlobalSection(SolutionProperties) = preSolution
		HideSolutionNode = FALSE
	EndGlobalSection
EndGlobal
