
Microsoft Visual Studio Solution File, Format Version 12.00
# Visual Studio 2012
Project("{FAE04EC0-301F-11D3-BF4B-00C04F79EFBC}") = "Jarrett", "Jarrett\Jarrett.csproj", "{660D0117-8DBD-4C7C-9D5E-00CBE38EA077}"
EndProject
Project("{96E2B04D-8817-42C6-938A-82C39BA4D311}") = "Content", "Content\Content.contentproj", "{8FDA55C2-73D1-4E21-BA69-4F1C26FC7513}"
EndProject
Global
	GlobalSection(SolutionConfigurationPlatforms) = preSolution
		Android|Any CPU = Android|Any CPU
		Android|ARM = Android|ARM
		Android|x64 = Android|x64
		Android|x86 = Android|x86
		Debug|Any CPU = Debug|Any CPU
		Debug|ARM = Debug|ARM
		Debug|x64 = Debug|x64
		Debug|x86 = Debug|x86
		iOS|Any CPU = iOS|Any CPU
		iOS|ARM = iOS|ARM
		iOS|x64 = iOS|x64
		iOS|x86 = iOS|x86
		Linux|Any CPU = Linux|Any CPU
		Linux|ARM = Linux|ARM
		Linux|x64 = Linux|x64
		Linux|x86 = Linux|x86
		OSX|Any CPU = OSX|Any CPU
		OSX|ARM = OSX|ARM
		OSX|x64 = OSX|x64
		OSX|x86 = OSX|x86
		PSM|Any CPU = PSM|Any CPU
		PSM|ARM = PSM|ARM
		PSM|x64 = PSM|x64
		PSM|x86 = PSM|x86
		Release|Any CPU = Release|Any CPU
		Release|ARM = Release|ARM
		Release|x64 = Release|x64
		Release|x86 = Release|x86
		Windows|Any CPU = Windows|Any CPU
		Windows|ARM = Windows|ARM
		Windows|x64 = Windows|x64
		Windows|x86 = Windows|x86
		Windows8|Any CPU = Windows8|Any CPU
		Windows8|ARM = Windows8|ARM
		Windows8|x64 = Windows8|x64
		Windows8|x86 = Windows8|x86
	EndGlobalSection
	GlobalSection(ProjectConfigurationPlatforms) = postSolution
		{660D0117-8DBD-4C7C-9D5E-00CBE38EA077}.Android|Any CPU.ActiveCfg = Release|Any CPU
		{660D0117-8DBD-4C7C-9D5E-00CBE38EA077}.Android|Any CPU.Build.0 = Release|Any CPU
		{660D0117-8DBD-4C7C-9D5E-00CBE38EA077}.Android|Any CPU.Deploy.0 = Release|Any CPU
		{660D0117-8DBD-4C7C-9D5E-00CBE38EA077}.Android|ARM.ActiveCfg = Release|ARM
		{660D0117-8DBD-4C7C-9D5E-00CBE38EA077}.Android|ARM.Build.0 = Release|ARM
		{660D0117-8DBD-4C7C-9D5E-00CBE38EA077}.Android|ARM.Deploy.0 = Release|ARM
		{660D0117-8DBD-4C7C-9D5E-00CBE38EA077}.Android|x64.ActiveCfg = Release|x64
		{660D0117-8DBD-4C7C-9D5E-00CBE38EA077}.Android|x64.Build.0 = Release|x64
		{660D0117-8DBD-4C7C-9D5E-00CBE38EA077}.Android|x64.Deploy.0 = Release|x64
		{660D0117-8DBD-4C7C-9D5E-00CBE38EA077}.Android|x86.ActiveCfg = Release|x86
		{660D0117-8DBD-4C7C-9D5E-00CBE38EA077}.Android|x86.Build.0 = Release|x86
		{660D0117-8DBD-4C7C-9D5E-00CBE38EA077}.Android|x86.Deploy.0 = Release|x86
		{660D0117-8DBD-4C7C-9D5E-00CBE38EA077}.Debug|Any CPU.ActiveCfg = Debug|Any CPU
		{660D0117-8DBD-4C7C-9D5E-00CBE38EA077}.Debug|Any CPU.Build.0 = Debug|Any CPU
		{660D0117-8DBD-4C7C-9D5E-00CBE38EA077}.Debug|Any CPU.Deploy.0 = Debug|Any CPU
		{660D0117-8DBD-4C7C-9D5E-00CBE38EA077}.Debug|ARM.ActiveCfg = Debug|ARM
		{660D0117-8DBD-4C7C-9D5E-00CBE38EA077}.Debug|ARM.Build.0 = Debug|ARM
		{660D0117-8DBD-4C7C-9D5E-00CBE38EA077}.Debug|ARM.Deploy.0 = Debug|ARM
		{660D0117-8DBD-4C7C-9D5E-00CBE38EA077}.Debug|x64.ActiveCfg = Debug|x64
		{660D0117-8DBD-4C7C-9D5E-00CBE38EA077}.Debug|x64.Build.0 = Debug|x64
		{660D0117-8DBD-4C7C-9D5E-00CBE38EA077}.Debug|x64.Deploy.0 = Debug|x64
		{660D0117-8DBD-4C7C-9D5E-00CBE38EA077}.Debug|x86.ActiveCfg = Debug|x86
		{660D0117-8DBD-4C7C-9D5E-00CBE38EA077}.Debug|x86.Build.0 = Debug|x86
		{660D0117-8DBD-4C7C-9D5E-00CBE38EA077}.Debug|x86.Deploy.0 = Debug|x86
		{660D0117-8DBD-4C7C-9D5E-00CBE38EA077}.iOS|Any CPU.ActiveCfg = Release|Any CPU
		{660D0117-8DBD-4C7C-9D5E-00CBE38EA077}.iOS|Any CPU.Build.0 = Release|Any CPU
		{660D0117-8DBD-4C7C-9D5E-00CBE38EA077}.iOS|Any CPU.Deploy.0 = Release|Any CPU
		{660D0117-8DBD-4C7C-9D5E-00CBE38EA077}.iOS|ARM.ActiveCfg = Release|ARM
		{660D0117-8DBD-4C7C-9D5E-00CBE38EA077}.iOS|ARM.Build.0 = Release|ARM
		{660D0117-8DBD-4C7C-9D5E-00CBE38EA077}.iOS|ARM.Deploy.0 = Release|ARM
		{660D0117-8DBD-4C7C-9D5E-00CBE38EA077}.iOS|x64.ActiveCfg = Release|x64
		{660D0117-8DBD-4C7C-9D5E-00CBE38EA077}.iOS|x64.Build.0 = Release|x64
		{660D0117-8DBD-4C7C-9D5E-00CBE38EA077}.iOS|x64.Deploy.0 = Release|x64
		{660D0117-8DBD-4C7C-9D5E-00CBE38EA077}.iOS|x86.ActiveCfg = Release|x86
		{660D0117-8DBD-4C7C-9D5E-00CBE38EA077}.iOS|x86.Build.0 = Release|x86
		{660D0117-8DBD-4C7C-9D5E-00CBE38EA077}.iOS|x86.Deploy.0 = Release|x86
		{660D0117-8DBD-4C7C-9D5E-00CBE38EA077}.Linux|Any CPU.ActiveCfg = Release|Any CPU
		{660D0117-8DBD-4C7C-9D5E-00CBE38EA077}.Linux|Any CPU.Build.0 = Release|Any CPU
		{660D0117-8DBD-4C7C-9D5E-00CBE38EA077}.Linux|Any CPU.Deploy.0 = Release|Any CPU
		{660D0117-8DBD-4C7C-9D5E-00CBE38EA077}.Linux|ARM.ActiveCfg = Release|ARM
		{660D0117-8DBD-4C7C-9D5E-00CBE38EA077}.Linux|ARM.Build.0 = Release|ARM
		{660D0117-8DBD-4C7C-9D5E-00CBE38EA077}.Linux|ARM.Deploy.0 = Release|ARM
		{660D0117-8DBD-4C7C-9D5E-00CBE38EA077}.Linux|x64.ActiveCfg = Release|x64
		{660D0117-8DBD-4C7C-9D5E-00CBE38EA077}.Linux|x64.Build.0 = Release|x64
		{660D0117-8DBD-4C7C-9D5E-00CBE38EA077}.Linux|x64.Deploy.0 = Release|x64
		{660D0117-8DBD-4C7C-9D5E-00CBE38EA077}.Linux|x86.ActiveCfg = Release|x86
		{660D0117-8DBD-4C7C-9D5E-00CBE38EA077}.Linux|x86.Build.0 = Release|x86
		{660D0117-8DBD-4C7C-9D5E-00CBE38EA077}.Linux|x86.Deploy.0 = Release|x86
		{660D0117-8DBD-4C7C-9D5E-00CBE38EA077}.OSX|Any CPU.ActiveCfg = Release|Any CPU
		{660D0117-8DBD-4C7C-9D5E-00CBE38EA077}.OSX|Any CPU.Build.0 = Release|Any CPU
		{660D0117-8DBD-4C7C-9D5E-00CBE38EA077}.OSX|Any CPU.Deploy.0 = Release|Any CPU
		{660D0117-8DBD-4C7C-9D5E-00CBE38EA077}.OSX|ARM.ActiveCfg = Release|ARM
		{660D0117-8DBD-4C7C-9D5E-00CBE38EA077}.OSX|ARM.Build.0 = Release|ARM
		{660D0117-8DBD-4C7C-9D5E-00CBE38EA077}.OSX|ARM.Deploy.0 = Release|ARM
		{660D0117-8DBD-4C7C-9D5E-00CBE38EA077}.OSX|x64.ActiveCfg = Release|x64
		{660D0117-8DBD-4C7C-9D5E-00CBE38EA077}.OSX|x64.Build.0 = Release|x64
		{660D0117-8DBD-4C7C-9D5E-00CBE38EA077}.OSX|x64.Deploy.0 = Release|x64
		{660D0117-8DBD-4C7C-9D5E-00CBE38EA077}.OSX|x86.ActiveCfg = Release|x86
		{660D0117-8DBD-4C7C-9D5E-00CBE38EA077}.OSX|x86.Build.0 = Release|x86
		{660D0117-8DBD-4C7C-9D5E-00CBE38EA077}.OSX|x86.Deploy.0 = Release|x86
		{660D0117-8DBD-4C7C-9D5E-00CBE38EA077}.PSM|Any CPU.ActiveCfg = Release|Any CPU
		{660D0117-8DBD-4C7C-9D5E-00CBE38EA077}.PSM|Any CPU.Build.0 = Release|Any CPU
		{660D0117-8DBD-4C7C-9D5E-00CBE38EA077}.PSM|Any CPU.Deploy.0 = Release|Any CPU
		{660D0117-8DBD-4C7C-9D5E-00CBE38EA077}.PSM|ARM.ActiveCfg = Release|ARM
		{660D0117-8DBD-4C7C-9D5E-00CBE38EA077}.PSM|ARM.Build.0 = Release|ARM
		{660D0117-8DBD-4C7C-9D5E-00CBE38EA077}.PSM|ARM.Deploy.0 = Release|ARM
		{660D0117-8DBD-4C7C-9D5E-00CBE38EA077}.PSM|x64.ActiveCfg = Release|x64
		{660D0117-8DBD-4C7C-9D5E-00CBE38EA077}.PSM|x64.Build.0 = Release|x64
		{660D0117-8DBD-4C7C-9D5E-00CBE38EA077}.PSM|x64.Deploy.0 = Release|x64
		{660D0117-8DBD-4C7C-9D5E-00CBE38EA077}.PSM|x86.ActiveCfg = Release|x86
		{660D0117-8DBD-4C7C-9D5E-00CBE38EA077}.PSM|x86.Build.0 = Release|x86
		{660D0117-8DBD-4C7C-9D5E-00CBE38EA077}.PSM|x86.Deploy.0 = Release|x86
		{660D0117-8DBD-4C7C-9D5E-00CBE38EA077}.Release|Any CPU.ActiveCfg = Release|Any CPU
		{660D0117-8DBD-4C7C-9D5E-00CBE38EA077}.Release|Any CPU.Build.0 = Release|Any CPU
		{660D0117-8DBD-4C7C-9D5E-00CBE38EA077}.Release|Any CPU.Deploy.0 = Release|Any CPU
		{660D0117-8DBD-4C7C-9D5E-00CBE38EA077}.Release|ARM.ActiveCfg = Release|ARM
		{660D0117-8DBD-4C7C-9D5E-00CBE38EA077}.Release|ARM.Build.0 = Release|ARM
		{660D0117-8DBD-4C7C-9D5E-00CBE38EA077}.Release|ARM.Deploy.0 = Release|ARM
		{660D0117-8DBD-4C7C-9D5E-00CBE38EA077}.Release|x64.ActiveCfg = Release|x64
		{660D0117-8DBD-4C7C-9D5E-00CBE38EA077}.Release|x64.Build.0 = Release|x64
		{660D0117-8DBD-4C7C-9D5E-00CBE38EA077}.Release|x64.Deploy.0 = Release|x64
		{660D0117-8DBD-4C7C-9D5E-00CBE38EA077}.Release|x86.ActiveCfg = Release|x86
		{660D0117-8DBD-4C7C-9D5E-00CBE38EA077}.Release|x86.Build.0 = Release|x86
		{660D0117-8DBD-4C7C-9D5E-00CBE38EA077}.Release|x86.Deploy.0 = Release|x86
		{660D0117-8DBD-4C7C-9D5E-00CBE38EA077}.Windows|Any CPU.ActiveCfg = Release|Any CPU
		{660D0117-8DBD-4C7C-9D5E-00CBE38EA077}.Windows|Any CPU.Build.0 = Release|Any CPU
		{660D0117-8DBD-4C7C-9D5E-00CBE38EA077}.Windows|Any CPU.Deploy.0 = Release|Any CPU
		{660D0117-8DBD-4C7C-9D5E-00CBE38EA077}.Windows|ARM.ActiveCfg = Release|ARM
		{660D0117-8DBD-4C7C-9D5E-00CBE38EA077}.Windows|ARM.Build.0 = Release|ARM
		{660D0117-8DBD-4C7C-9D5E-00CBE38EA077}.Windows|ARM.Deploy.0 = Release|ARM
		{660D0117-8DBD-4C7C-9D5E-00CBE38EA077}.Windows|x64.ActiveCfg = Release|x64
		{660D0117-8DBD-4C7C-9D5E-00CBE38EA077}.Windows|x64.Build.0 = Release|x64
		{660D0117-8DBD-4C7C-9D5E-00CBE38EA077}.Windows|x64.Deploy.0 = Release|x64
		{660D0117-8DBD-4C7C-9D5E-00CBE38EA077}.Windows|x86.ActiveCfg = Release|x86
		{660D0117-8DBD-4C7C-9D5E-00CBE38EA077}.Windows|x86.Build.0 = Release|x86
		{660D0117-8DBD-4C7C-9D5E-00CBE38EA077}.Windows|x86.Deploy.0 = Release|x86
		{660D0117-8DBD-4C7C-9D5E-00CBE38EA077}.Windows8|Any CPU.ActiveCfg = Release|Any CPU
		{660D0117-8DBD-4C7C-9D5E-00CBE38EA077}.Windows8|Any CPU.Build.0 = Release|Any CPU
		{660D0117-8DBD-4C7C-9D5E-00CBE38EA077}.Windows8|Any CPU.Deploy.0 = Release|Any CPU
		{660D0117-8DBD-4C7C-9D5E-00CBE38EA077}.Windows8|ARM.ActiveCfg = Release|ARM
		{660D0117-8DBD-4C7C-9D5E-00CBE38EA077}.Windows8|ARM.Build.0 = Release|ARM
		{660D0117-8DBD-4C7C-9D5E-00CBE38EA077}.Windows8|ARM.Deploy.0 = Release|ARM
		{660D0117-8DBD-4C7C-9D5E-00CBE38EA077}.Windows8|x64.ActiveCfg = Release|x64
		{660D0117-8DBD-4C7C-9D5E-00CBE38EA077}.Windows8|x64.Build.0 = Release|x64
		{660D0117-8DBD-4C7C-9D5E-00CBE38EA077}.Windows8|x64.Deploy.0 = Release|x64
		{660D0117-8DBD-4C7C-9D5E-00CBE38EA077}.Windows8|x86.ActiveCfg = Release|x86
		{660D0117-8DBD-4C7C-9D5E-00CBE38EA077}.Windows8|x86.Build.0 = Release|x86
		{660D0117-8DBD-4C7C-9D5E-00CBE38EA077}.Windows8|x86.Deploy.0 = Release|x86
		{8FDA55C2-73D1-4E21-BA69-4F1C26FC7513}.Android|Any CPU.ActiveCfg = Debug|Any CPU
		{8FDA55C2-73D1-4E21-BA69-4F1C26FC7513}.Android|ARM.ActiveCfg = Debug|Any CPU
		{8FDA55C2-73D1-4E21-BA69-4F1C26FC7513}.Android|x64.ActiveCfg = Debug|Any CPU
		{8FDA55C2-73D1-4E21-BA69-4F1C26FC7513}.Android|x86.ActiveCfg = Debug|Any CPU
		{8FDA55C2-73D1-4E21-BA69-4F1C26FC7513}.Debug|Any CPU.ActiveCfg = Debug|Any CPU
		{8FDA55C2-73D1-4E21-BA69-4F1C26FC7513}.Debug|ARM.ActiveCfg = Debug|Any CPU
		{8FDA55C2-73D1-4E21-BA69-4F1C26FC7513}.Debug|x64.ActiveCfg = Debug|Any CPU
		{8FDA55C2-73D1-4E21-BA69-4F1C26FC7513}.Debug|x86.ActiveCfg = Debug|Any CPU
		{8FDA55C2-73D1-4E21-BA69-4F1C26FC7513}.iOS|Any CPU.ActiveCfg = Debug|Any CPU
		{8FDA55C2-73D1-4E21-BA69-4F1C26FC7513}.iOS|ARM.ActiveCfg = Debug|Any CPU
		{8FDA55C2-73D1-4E21-BA69-4F1C26FC7513}.iOS|x64.ActiveCfg = Debug|Any CPU
		{8FDA55C2-73D1-4E21-BA69-4F1C26FC7513}.iOS|x86.ActiveCfg = Debug|Any CPU
		{8FDA55C2-73D1-4E21-BA69-4F1C26FC7513}.Linux|Any CPU.ActiveCfg = Debug|Any CPU
		{8FDA55C2-73D1-4E21-BA69-4F1C26FC7513}.Linux|ARM.ActiveCfg = Debug|Any CPU
		{8FDA55C2-73D1-4E21-BA69-4F1C26FC7513}.Linux|x64.ActiveCfg = Debug|Any CPU
		{8FDA55C2-73D1-4E21-BA69-4F1C26FC7513}.Linux|x86.ActiveCfg = Debug|Any CPU
		{8FDA55C2-73D1-4E21-BA69-4F1C26FC7513}.OSX|Any CPU.ActiveCfg = Debug|Any CPU
		{8FDA55C2-73D1-4E21-BA69-4F1C26FC7513}.OSX|ARM.ActiveCfg = Debug|Any CPU
		{8FDA55C2-73D1-4E21-BA69-4F1C26FC7513}.OSX|x64.ActiveCfg = Debug|Any CPU
		{8FDA55C2-73D1-4E21-BA69-4F1C26FC7513}.OSX|x86.ActiveCfg = Debug|Any CPU
		{8FDA55C2-73D1-4E21-BA69-4F1C26FC7513}.PSM|Any CPU.ActiveCfg = Debug|Any CPU
		{8FDA55C2-73D1-4E21-BA69-4F1C26FC7513}.PSM|ARM.ActiveCfg = Debug|Any CPU
		{8FDA55C2-73D1-4E21-BA69-4F1C26FC7513}.PSM|x64.ActiveCfg = Debug|Any CPU
		{8FDA55C2-73D1-4E21-BA69-4F1C26FC7513}.PSM|x86.ActiveCfg = Debug|Any CPU
		{8FDA55C2-73D1-4E21-BA69-4F1C26FC7513}.Release|Any CPU.ActiveCfg = Debug|Any CPU
		{8FDA55C2-73D1-4E21-BA69-4F1C26FC7513}.Release|ARM.ActiveCfg = Debug|Any CPU
		{8FDA55C2-73D1-4E21-BA69-4F1C26FC7513}.Release|x64.ActiveCfg = Debug|Any CPU
		{8FDA55C2-73D1-4E21-BA69-4F1C26FC7513}.Release|x86.ActiveCfg = Debug|Any CPU
		{8FDA55C2-73D1-4E21-BA69-4F1C26FC7513}.Windows|Any CPU.ActiveCfg = Debug|Any CPU
		{8FDA55C2-73D1-4E21-BA69-4F1C26FC7513}.Windows|ARM.ActiveCfg = Debug|Any CPU
		{8FDA55C2-73D1-4E21-BA69-4F1C26FC7513}.Windows|x64.ActiveCfg = Debug|Any CPU
		{8FDA55C2-73D1-4E21-BA69-4F1C26FC7513}.Windows|x86.ActiveCfg = Debug|Any CPU
		{8FDA55C2-73D1-4E21-BA69-4F1C26FC7513}.Windows8|Any CPU.ActiveCfg = Debug|Any CPU
		{8FDA55C2-73D1-4E21-BA69-4F1C26FC7513}.Windows8|ARM.ActiveCfg = Debug|Any CPU
		{8FDA55C2-73D1-4E21-BA69-4F1C26FC7513}.Windows8|x64.ActiveCfg = Debug|Any CPU
		{8FDA55C2-73D1-4E21-BA69-4F1C26FC7513}.Windows8|x86.ActiveCfg = Debug|Any CPU
	EndGlobalSection
	GlobalSection(SolutionProperties) = preSolution
		HideSolutionNode = FALSE
	EndGlobalSection
EndGlobal
