Microsoft Visual Studio Solution File, Format Version 11.00
# Visual Studio 2008

Project("{9CB64DB6-1CBE-B82E-CEE2-E967E6E2BDBE}") = "Jarrett", "Assembly-CSharp-vs.csproj", "{5A3793DC-FD3E-5239-EF3E-86B2111A4AD0}"
EndProject
Project("{9CB64DB6-1CBE-B82E-CEE2-E967E6E2BDBE}") = "Jarrett", "Assembly-CSharp-Editor-vs.csproj", "{0662BE9B-E521-F373-655C-94FE5AFA5EFA}"
EndProject
Global
	GlobalSection(SolutionConfigurationPlatforms) = preSolution
		Debug|Any CPU = Debug|Any CPU
		Release|Any CPU = Release|Any CPU
	EndGlobalSection
	GlobalSection(ProjectConfigurationPlatforms) = postSolution
		{5A3793DC-FD3E-5239-EF3E-86B2111A4AD0}.Debug|Any CPU.ActiveCfg = Debug|Any CPU
		{5A3793DC-FD3E-5239-EF3E-86B2111A4AD0}.Debug|Any CPU.Build.0 = Debug|Any CPU
		{5A3793DC-FD3E-5239-EF3E-86B2111A4AD0}.Release|Any CPU.ActiveCfg = Release|Any CPU
		{5A3793DC-FD3E-5239-EF3E-86B2111A4AD0}.Release|Any CPU.Build.0 = Release|Any CPU
		{0662BE9B-E521-F373-655C-94FE5AFA5EFA}.Debug|Any CPU.ActiveCfg = Debug|Any CPU
		{0662BE9B-E521-F373-655C-94FE5AFA5EFA}.Debug|Any CPU.Build.0 = Debug|Any CPU
		{0662BE9B-E521-F373-655C-94FE5AFA5EFA}.Release|Any CPU.ActiveCfg = Release|Any CPU
		{0662BE9B-E521-F373-655C-94FE5AFA5EFA}.Release|Any CPU.Build.0 = Release|Any CPU
	EndGlobalSection
	GlobalSection(SolutionProperties) = preSolution
		HideSolutionNode = FALSE
	EndGlobalSection
		GlobalSection(MonoDevelopProperties) = preSolution
		StartupItem = Assembly-CSharp.csproj
		Policies = $0
		$0.TextStylePolicy = $1
		$1.inheritsSet = null
		$1.scope = text/x-csharp
		$0.CSharpFormattingPolicy = $2
		$2.inheritsSet = Mono
		$2.inheritsScope = text/x-csharp
		$2.scope = text/x-csharp
		$0.TextStylePolicy = $3
		$3.FileWidth = 120
		$3.TabWidth = 4
		$3.EolMarker = Unix
		$3.inheritsSet = Mono
		$3.inheritsScope = text/plain
		$3.scope = text/plain
	EndGlobalSection

EndGlobal
